# THIS IS AN AUTOGENERATED FILE. DO NOT EDIT THIS FILE DIRECTLY.
# yarn lockfile v1


"@expo/react-native-action-sheet@4.0.1":
  version "4.0.1"
  resolved "https://registry.yarnpkg.com/@expo/react-native-action-sheet/-/react-native-action-sheet-4.0.1.tgz#fa78e55a87a741f235be2c4ce0b0ea2b6afd06cf"
  integrity sha512-FwCFpjpB6yzrK8CIWssLlh/i6zQFytFBiJfNdz0mJ2ckU4hWk8SrjB37P0Q4kF7w0bnIdYzPgRbdPR9hnfFqPw==
  dependencies:
    "@types/hoist-non-react-statics" "^3.3.1"
    hoist-non-react-statics "^3.3.0"

"@react-navigation/core@^6.4.6":
  version "6.4.6"
  resolved "https://registry.yarnpkg.com/@react-navigation/core/-/core-6.4.6.tgz#b0738667dec5927b01c4c496c2f4c73ef8a5e4dd"
  integrity sha512-6zaAgUT5k4vhJlddUk2l52RZyMkMelHdrRv1cL57ALi2RZzERdgmbiMKhJerxFLn9S8E3PUe8vwxHzjHOZKG4w==
  dependencies:
    "@react-navigation/routers" "^6.1.6"
    escape-string-regexp "^4.0.0"
    nanoid "^3.1.23"
    query-string "^7.1.3"
    react-is "^16.13.0"
    use-latest-callback "^0.1.5"

"@react-navigation/elements@^1.3.14":
  version "1.3.14"
  resolved "https://registry.yarnpkg.com/@react-navigation/elements/-/elements-1.3.14.tgz#ee9ef7f57e0877700ebb359947728b255bbb9c65"
  integrity sha512-RBbPhYq+KNFPAkWPaHB9gypq0jTGp/0fkMwRLToJ8jkLtWG4LV+JoQ/erFQnVARkR3Q807n0VnES15EYP4ITMQ==

"@react-navigation/native@^6.1.3":
  version "6.1.3"
  resolved "https://registry.yarnpkg.com/@react-navigation/native/-/native-6.1.3.tgz#06064c5e49c417a3dbe210b3f00841beefd326c5"
  integrity sha512-DB5FyG6aqGfcjjVozljF5NEkjWaSymIbQHfWwsjL0YrvC1gfc7E53QXDOjxZ/wfbCo8qZs8RIC/LAgclP2YK/w==
  dependencies:
    "@react-navigation/core" "^6.4.6"
    escape-string-regexp "^4.0.0"
    fast-deep-equal "^3.1.3"
    nanoid "^3.1.23"

"@react-navigation/routers@^6.1.6":
  version "6.1.6"
  resolved "https://registry.yarnpkg.com/@react-navigation/routers/-/routers-6.1.6.tgz#f57f2a73855d329255aa225fdad75ae8e7700c6d"
  integrity sha512-Z5DeCW3pUvMafbU9Cjy1qJYC2Bvl8iy3+PfsB0DsAwQ6zZ3WAXW5FTMX4Gb9H+Jg6qHWGbMFFwlYpS3UJ3tlVQ==
  dependencies:
    nanoid "^3.1.23"

"@react-navigation/stack@^6.3.12":
  version "6.3.12"
  resolved "https://registry.yarnpkg.com/@react-navigation/stack/-/stack-6.3.12.tgz#8e3779efd0b2ad015f62b89193b9eacecb41fab2"
  integrity sha512-sDclO/EflZUbfxZZlz5fk3A0wfegeCOEKGznP9n53s+JrDJL2Dc24Gufg56ENLNRX3CiE1KzsaM4SQLJYf/zsA==
  dependencies:
    "@react-navigation/elements" "^1.3.14"
    color "^4.2.3"
    warn-once "^0.1.0"

"@types/hoist-non-react-statics@^3.3.1":
  version "3.3.1"
  resolved "https://registry.yarnpkg.com/@types/hoist-non-react-statics/-/hoist-non-react-statics-3.3.1.tgz#1124aafe5118cb591977aeb1ceaaed1070eb039f"
  integrity sha512-iMIqiko6ooLrTh1joXodJK5X9xeEALT1kM5G3ZLhD3hszxBdIEd5C75U834D9mLcINgD4OyZf5uQXjkuYydWvA==
  dependencies:
    "@types/react" "*"
    hoist-non-react-statics "^3.3.0"

"@types/prop-types@*":
  version "15.7.5"
  resolved "https://registry.yarnpkg.com/@types/prop-types/-/prop-types-15.7.5.tgz#5f19d2b85a98e9558036f6a3cacc8819420f05cf"
  integrity sha512-JCB8C6SnDoQf0cNycqd/35A7MjcnK+ZTqE7judS6o7utxUCg6imJg3QK2qzHKszlTjcj2cn+NwMB2i96ubpj7w==

"@types/react@*":
  version "18.0.27"
  resolved "https://registry.yarnpkg.com/@types/react/-/react-18.0.27.tgz#d9425abe187a00f8a5ec182b010d4fd9da703b71"
  integrity sha512-3vtRKHgVxu3Jp9t718R9BuzoD4NcQ8YJ5XRzsSKxNDiDonD2MXIT1TmSkenxuCycZJoQT5d2vE8LwWJxBC1gmA==
  dependencies:
    "@types/prop-types" "*"
    "@types/scheduler" "*"
    csstype "^3.0.2"

"@types/scheduler@*":
  version "0.16.2"
  resolved "https://registry.yarnpkg.com/@types/scheduler/-/scheduler-0.16.2.tgz#1a62f89525723dde24ba1b01b092bf5df8ad4d39"
  integrity sha512-hppQEBDmlwhFAXKJX2KnWLYu5yMfi91yazPb2l+lbJiwW+wdo1gNeRA+3RgNSO39WYX2euey41KEwnqesU2Jew==

color-convert@^2.0.1:
  version "2.0.1"
  resolved "https://registry.yarnpkg.com/color-convert/-/color-convert-2.0.1.tgz#72d3a68d598c9bdb3af2ad1e84f21d896abd4de3"
  integrity sha512-RRECPsj7iu/xb5oKYcsFHSppFNnsj/52OVTRKb4zP5onXwVF3zVmmToNcOfGC+CRDpfK/U584fMg38ZHCaElKQ==
  dependencies:
    color-name "~1.1.4"

color-name@^1.0.0, color-name@~1.1.4:
  version "1.1.4"
  resolved "https://registry.yarnpkg.com/color-name/-/color-name-1.1.4.tgz#c2a09a87acbde69543de6f63fa3995c826c536a2"
  integrity sha512-dOy+3AuW3a2wNbZHIuMZpTcgjGuLU/uBL/ubcZF9OXbDo8ff4O8yVp5Bf0efS8uEoYo5q4Fx7dY9OgQGXgAsQA==

color-string@^1.9.0:
  version "1.9.1"
  resolved "https://registry.yarnpkg.com/color-string/-/color-string-1.9.1.tgz#4467f9146f036f855b764dfb5bf8582bf342c7a4"
  integrity sha512-shrVawQFojnZv6xM40anx4CkoDP+fZsw/ZerEMsW/pyzsRbElpsL/DBVW7q3ExxwusdNXI3lXpuhEZkzs8p5Eg==
  dependencies:
    color-name "^1.0.0"
    simple-swizzle "^0.2.2"

color@^4.2.3:
  version "4.2.3"
  resolved "https://registry.yarnpkg.com/color/-/color-4.2.3.tgz#d781ecb5e57224ee43ea9627560107c0e0c6463a"
  integrity sha512-1rXeuUUiGGrykh+CeBdu5Ie7OJwinCgQY0bc7GCRxy5xVHy+moaqkpL/jqQq0MtQOeYcrqEz4abc5f0KtU7W4A==
  dependencies:
    color-convert "^2.0.1"
    color-string "^1.9.0"

csstype@^3.0.2:
  version "3.1.1"
  resolved "https://registry.yarnpkg.com/csstype/-/csstype-3.1.1.tgz#841b532c45c758ee546a11d5bd7b7b473c8c30b9"
  integrity sha512-DJR/VvkAvSZW9bTouZue2sSxDwdTN92uHjqeKVm+0dAqdfNykRzQ95tay8aXMBAAPpUiq4Qcug2L7neoRh2Egw==

dayjs@1.8.26:
  version "1.8.26"
  resolved "https://registry.yarnpkg.com/dayjs/-/dayjs-1.8.26.tgz#c6d62ccdf058ca72a8d14bb93a23501058db9f1e"
  integrity sha512-KqtAuIfdNfZR5sJY1Dixr2Is4ZvcCqhb0dZpCOt5dGEFiMzoIbjkTSzUb4QKTCsP+WNpGwUjAFIZrnZvUxxkhw==

decode-uri-component@^0.2.2:
  version "0.2.2"
  resolved "https://registry.yarnpkg.com/decode-uri-component/-/decode-uri-component-0.2.2.tgz#e69dbe25d37941171dd540e024c444cd5188e1e9"
  integrity sha512-FqUYQ+8o158GyGTrMFJms9qh3CqTKvAqgqsTnkLI8sKu0028orqBhxNMFkFen0zGyg6epACD32pjVk58ngIErQ==

escape-string-regexp@^4.0.0:
  version "4.0.0"
  resolved "https://registry.yarnpkg.com/escape-string-regexp/-/escape-string-regexp-4.0.0.tgz#14ba83a5d373e3d311e5afca29cf5bfad965bf34"
  integrity sha512-TtpcNJ3XAzx3Gq8sWRzJaVajRs0uVxA2YAkdb1jm2YkPz4G6egUFAyA3n5vtEIZefPk5Wa4UXbKuS5fKkJWdgA==

fast-deep-equal@^3.1.3:
  version "3.1.3"
  resolved "https://registry.yarnpkg.com/fast-deep-equal/-/fast-deep-equal-3.1.3.tgz#3a7d56b559d6cbc3eb512325244e619a65c6c525"
  integrity sha512-f3qQ9oQy9j2AhBe/H9VC91wLmKBCCU/gDOnKNAYG5hswO7BLKj09Hc5HYNz9cGI++xlpDCIgDaitVs03ATR84Q==

filter-obj@^1.1.0:
  version "1.1.0"
  resolved "https://registry.yarnpkg.com/filter-obj/-/filter-obj-1.1.0.tgz#9b311112bc6c6127a16e016c6c5d7f19e0805c5b"
  integrity sha512-8rXg1ZnX7xzy2NGDVkBVaAy+lSlPNwad13BtgSlLuxfIslyt5Vg64U7tFcCt4WS1R0hvtnQybT/IyCkGZ3DpXQ==

hoist-non-react-statics@^3.3.0:
  version "3.3.2"
  resolved "https://registry.yarnpkg.com/hoist-non-react-statics/-/hoist-non-react-statics-3.3.2.tgz#ece0acaf71d62c2969c2ec59feff42a4b1a85b45"
  integrity sha512-/gGivxi8JPKWNm/W0jSmzcMPpfpPLc3dY/6GxhX2hQ9iGj3aDfklV4ET7NjKpSinLpJ5vafa9iiGIEZg10SfBw==
  dependencies:
    react-is "^16.7.0"

is-arrayish@^0.3.1:
  version "0.3.2"
  resolved "https://registry.yarnpkg.com/is-arrayish/-/is-arrayish-0.3.2.tgz#4574a2ae56f7ab206896fb431eaeed066fdf8f03"
  integrity sha512-eVRqCvVlZbuw3GrM63ovNSNAeA1K16kaR/LRY/92w0zxQ5/1YzwblUX652i4Xs9RwAGjW9d9y6X88t8OaAJfWQ==

"js-tokens@^3.0.0 || ^4.0.0":
  version "4.0.0"
  resolved "https://registry.yarnpkg.com/js-tokens/-/js-tokens-4.0.0.tgz#19203fb59991df98e3a287050d4647cdeaf32499"
  integrity sha512-RdJUflcE3cUzKiMqQgsCu06FPu9UdIJO0beYbPhHN4k6apgJtifcoCtT9bcxOpYBtpD2kCM6Sbzg4CausW/PKQ==

loose-envify@^1.4.0:
  version "1.4.0"
  resolved "https://registry.yarnpkg.com/loose-envify/-/loose-envify-1.4.0.tgz#71ee51fa7be4caec1a63839f7e682d8132d30caf"
  integrity sha512-lyuxPGr/Wfhrlem2CL/UcnUc1zcqKAImBDzukY7Y5F/yQiNdko6+fRLevlw1HgMySw7f611UIY408EtxRSoK3Q==
  dependencies:
    js-tokens "^3.0.0 || ^4.0.0"

nanoid@^3.1.23:
  version "3.3.4"
  resolved "https://registry.yarnpkg.com/nanoid/-/nanoid-3.3.4.tgz#730b67e3cd09e2deacf03c027c81c9d9dbc5e8ab"
  integrity sha512-MqBkQh/OHTS2egovRtLk45wEyNXwF+cokD+1YPf9u5VfJiRdAiRwB2froX5Co9Rh20xs4siNPm8naNotSD6RBw==

object-assign@^4.1.1:
  version "4.1.1"
  resolved "https://registry.yarnpkg.com/object-assign/-/object-assign-4.1.1.tgz#2109adc7965887cfc05cbbd442cac8bfbb360863"
  integrity sha512-rJgTQnkUnH1sFw8yT6VSU3zD3sWmu6sZhIseY8VX+GRu3P6F7Fu+JNDoXfklElbLJSnc3FUQHVe4cU5hj+BcUg==

prop-types@15.7.2:
  version "15.7.2"
  resolved "https://registry.yarnpkg.com/prop-types/-/prop-types-15.7.2.tgz#52c41e75b8c87e72b9d9360e0206b99dcbffa6c5"
  integrity sha512-8QQikdH7//R2vurIJSutZ1smHYTcLpRWEOlHnzcWHmBYrOGUysKwSsrC89BCiFj3CbrfJ/nXFdJepOVrY1GCHQ==
  dependencies:
    loose-envify "^1.4.0"
    object-assign "^4.1.1"
    react-is "^16.8.1"

prop-types@^15.7.x:
  version "15.8.1"
  resolved "https://registry.yarnpkg.com/prop-types/-/prop-types-15.8.1.tgz#67d87bf1a694f48435cf332c24af10214a3140b5"
  integrity sha512-oj87CgZICdulUohogVAR7AjlC0327U4el4L6eAvOqCeudMDVU0NThNaV+b9Df4dXgSP1gXMTnPdhfe/2qDH5cg==
  dependencies:
    loose-envify "^1.4.0"
    object-assign "^4.1.1"
    react-is "^16.13.1"

query-string@^7.1.3:
  version "7.1.3"
  resolved "https://registry.yarnpkg.com/query-string/-/query-string-7.1.3.tgz#a1cf90e994abb113a325804a972d98276fe02328"
  integrity sha512-hh2WYhq4fi8+b+/2Kg9CEge4fDPvHS534aOOvOZeQ3+Vf2mCFsaFBYj0i+iXcAq6I9Vzp5fjMFBlONvayDC1qg==
  dependencies:
    decode-uri-component "^0.2.2"
    filter-obj "^1.1.0"
    split-on-first "^1.0.0"
    strict-uri-encode "^2.0.0"

react-is@^16.13.0, react-is@^16.13.1, react-is@^16.7.0, react-is@^16.8.1:
  version "16.13.1"
  resolved "https://registry.yarnpkg.com/react-is/-/react-is-16.13.1.tgz#789729a4dc36de2999dc156dd6c1d9c18cea56a4"
  integrity sha512-24e6ynE2H+OKt4kqsOvNd8kBpV65zoxbA4BVsEOB3ARVWQki/DHzaUoC5KuON/BiccDaCCTZBuOcfZs70kR8bQ==

react-native-communications@2.2.1:
  version "2.2.1"
  resolved "https://registry.yarnpkg.com/react-native-communications/-/react-native-communications-2.2.1.tgz#7883b56b20a002eeb790c113f8616ea8692ca795"
  integrity sha512-5+C0X9mopI0+qxyQHzOPEi5v5rxNBQjxydPPiKMQSlX1RBIcJ8uTcqUPssQ9Mo8p6c1IKIWJUSqCj4jAmD0qVQ==

react-native-gifted-chat@^1.1.1:
  version "1.1.1"
  resolved "https://registry.yarnpkg.com/react-native-gifted-chat/-/react-native-gifted-chat-1.1.1.tgz#da906ee56526ca6fe22443b00580bd4015d9f3bf"
  integrity sha512-dixjMqeNEM16m8zp0DLqyusH5SxUglhAdKEw2qLmeMpJsvqguPVMklT0QUXEw/aWVYr1+YC+UnOA3f4aPdzbsg==
  dependencies:
    "@expo/react-native-action-sheet" "4.0.1"
    dayjs "1.8.26"
    prop-types "15.7.2"
    react-native-communications "2.2.1"
    react-native-iphone-x-helper "1.3.1"
    react-native-lightbox-v2 "0.9.0"
    react-native-parsed-text "0.0.22"
    react-native-safe-area-context "4.4.1"
    react-native-typing-animation "0.1.7"
    use-memo-one "1.1.2"
    uuid "3.4.0"

react-native-iphone-x-helper@1.3.1:
  version "1.3.1"
  resolved "https://registry.yarnpkg.com/react-native-iphone-x-helper/-/react-native-iphone-x-helper-1.3.1.tgz#20c603e9a0e765fd6f97396638bdeb0e5a60b010"
  integrity sha512-HOf0jzRnq2/aFUcdCJ9w9JGzN3gdEg0zFE4FyYlp4jtidqU03D5X7ZegGKfT1EWteR0gPBGp9ye5T5FvSWi9Yg==

react-native-lightbox-v2@0.9.0:
  version "0.9.0"
  resolved "https://registry.yarnpkg.com/react-native-lightbox-v2/-/react-native-lightbox-v2-0.9.0.tgz#b97be4d892ebb959069c451948b11da390bc46d8"
  integrity sha512-Fc5VFHFj2vokS+OegyTsANKb1CYoUlOtAv+EBH5wtpJn1b5cey6jVXH7136G5+8OC9JmKWSgKHc5thFwOoZTUg==

react-native-parsed-text@0.0.22:
  version "0.0.22"
  resolved "https://registry.yarnpkg.com/react-native-parsed-text/-/react-native-parsed-text-0.0.22.tgz#a23c756eaa5d6724296814755085127f9072e5f5"
  integrity sha512-hfD83RDXZf9Fvth3DowR7j65fMnlqM9PpxZBGWkzVcUTFtqe6/yPcIoIAgrJbKn6YmtzkivmhWE2MCE4JKBXrQ==
  dependencies:
    prop-types "^15.7.x"

react-native-safe-area-context@4.4.1:
  version "4.4.1"
  resolved "https://registry.yarnpkg.com/react-native-safe-area-context/-/react-native-safe-area-context-4.4.1.tgz#239c60b8a9a80eac70a38a822b04c0f1d15ffc01"
  integrity sha512-N9XTjiuD73ZpVlejHrUWIFZc+6Z14co1K/p1IFMkImU7+avD69F3y+lhkqA2hN/+vljdZrBSiOwXPkuo43nFQA==

react-native-typing-animation@0.1.7:
  version "0.1.7"
  resolved "https://registry.yarnpkg.com/react-native-typing-animation/-/react-native-typing-animation-0.1.7.tgz#8f2cf08d9400ae543a110292eb7d71523dda5528"
  integrity sha512-4H3rF9M+I2yAZpYJcY0Mb29TXkn98QK12rrKSY6LZj1BQD9NNmRZuNXzwX4XHapsIz+N/J8M3p27FOQPbfzqeg==

simple-swizzle@^0.2.2:
  version "0.2.2"
  resolved "https://registry.yarnpkg.com/simple-swizzle/-/simple-swizzle-0.2.2.tgz#a4da6b635ffcccca33f70d17cb92592de95e557a"
  integrity sha512-JA//kQgZtbuY83m+xT+tXJkmJncGMTFT+C+g2h2R9uxkYIrE2yy9sgmcLhCnw57/WSD+Eh3J97FPEDFnbXnDUg==
  dependencies:
    is-arrayish "^0.3.1"

split-on-first@^1.0.0:
  version "1.1.0"
  resolved "https://registry.yarnpkg.com/split-on-first/-/split-on-first-1.1.0.tgz#f610afeee3b12bce1d0c30425e76398b78249a5f"
  integrity sha512-43ZssAJaMusuKWL8sKUBQXHWOpq8d6CfN/u1p4gUzfJkM05C8rxTmYrkIPTXapZpORA6LkkzcUulJ8FqA7Uudw==

strict-uri-encode@^2.0.0:
  version "2.0.0"
  resolved "https://registry.yarnpkg.com/strict-uri-encode/-/strict-uri-encode-2.0.0.tgz#b9c7330c7042862f6b142dc274bbcc5866ce3546"
  integrity sha512-QwiXZgpRcKkhTj2Scnn++4PKtWsH0kpzZ62L2R6c/LUVYv7hVnZqcg2+sMuT6R7Jusu1vviK/MFsu6kNJfWlEQ==

use-latest-callback@^0.1.5:
  version "0.1.5"
  resolved "https://registry.yarnpkg.com/use-latest-callback/-/use-latest-callback-0.1.5.tgz#a4a836c08fa72f6608730b5b8f4bbd9c57c04f51"
  integrity sha512-HtHatS2U4/h32NlkhupDsPlrbiD27gSH5swBdtXbCAlc6pfOFzaj0FehW/FO12rx8j2Vy4/lJScCiJyM01E+bQ==

use-memo-one@1.1.2:
  version "1.1.2"
  resolved "https://registry.yarnpkg.com/use-memo-one/-/use-memo-one-1.1.2.tgz#0c8203a329f76e040047a35a1197defe342fab20"
  integrity sha512-u2qFKtxLsia/r8qG0ZKkbytbztzRb317XCkT7yP8wxL0tZ/CzK2G+WWie5vWvpyeP7+YoPIwbJoIHJ4Ba4k0oQ==

uuid@3.4.0:
  version "3.4.0"
  resolved "https://registry.yarnpkg.com/uuid/-/uuid-3.4.0.tgz#b23e4358afa8a202fe7a100af1f5f883f02007ee"
  integrity sha512-HjSDRw6gZE5JMggctHBcjVak08+KEVhSIiDzFnT9S9aegmp85S/bReBVTb4QTFaRNptJ9kuYaNhnbNEOkbKb/A==

warn-once@^0.1.0:
  version "0.1.1"
  resolved "https://registry.yarnpkg.com/warn-once/-/warn-once-0.1.1.tgz#952088f4fb56896e73fd4e6a3767272a3fccce43"
  integrity sha512-VkQZJbO8zVImzYFteBXvBOZEl1qL175WH8VmZcxF2fZAoudNhNDvHi+doCaAEdU2l2vtcIwa2zn0QK5+I1HQ3Q==
